
Microsoft Visual Studio Solution File, Format Version 12.00
# Visual Studio Version 17
VisualStudioVersion = 17.0.32112.339
MinimumVisualStudioVersion = 10.0.40219.1
Project("{2150E333-8FDC-42A3-9474-1A3956D46DE8}") = "API", "API", "{6C84A303-12E6-407F-86CB-CABDC541E8E0}"
EndProject
Project("{2150E333-8FDC-42A3-9474-1A3956D46DE8}") = "Membership.API", "Membership.API", "{7AC81F1A-C004-46F9-80D3-1516B27D3BD4}"
EndProject
Project("{9A19103F-16F7-4668-BE54-9A1E7A4F7556}") = "Membership.API", "API\Membership\Membership.API\Membership.API.csproj", "{F2487A02-A928-495A-AE3D-B9AADAB7CFC7}"
EndProject
Project("{E53339B2-1760-4266-BCC7-CA923CBCF16C}") = "docker-compose", "docker-compose.dcproj", "{8EE2E469-A443-45BB-941B-8B6C88BE7354}"
EndProject
Project("{2150E333-8FDC-42A3-9474-1A3956D46DE8}") = "EventBus", "EventBus", "{2FDE499C-44FA-4CBC-BAE6-3CBE41A240CA}"
EndProject
Project("{FAE04EC0-301F-11D3-BF4B-00C04F79EFBC}") = "RabbitMQEventbus", "EventBus\RabbitMQEventbus\RabbitMQEventbus.csproj", "{2B5584F5-5601-4BB1-9582-A767DF4F60D7}"
EndProject
Project("{2150E333-8FDC-42A3-9474-1A3956D46DE8}") = "HealthData.API", "HealthData.API", "{3AC24668-3F7E-4D7F-9A84-02B1C5632701}"
EndProject
Project("{FAE04EC0-301F-11D3-BF4B-00C04F79EFBC}") = "HealthData.API", "API\HealthData\HealthData.API\HealthData.API.csproj", "{0EEC3CB8-3DA8-44FA-9F6A-F34BE8A1CC61}"
EndProject
Global
	GlobalSection(SolutionConfigurationPlatforms) = preSolution
		Debug|Any CPU = Debug|Any CPU
		Release|Any CPU = Release|Any CPU
	EndGlobalSection
	GlobalSection(ProjectConfigurationPlatforms) = postSolution
		{F2487A02-A928-495A-AE3D-B9AADAB7CFC7}.Debug|Any CPU.ActiveCfg = Debug|Any CPU
		{F2487A02-A928-495A-AE3D-B9AADAB7CFC7}.Debug|Any CPU.Build.0 = Debug|Any CPU
		{F2487A02-A928-495A-AE3D-B9AADAB7CFC7}.Release|Any CPU.ActiveCfg = Release|Any CPU
		{F2487A02-A928-495A-AE3D-B9AADAB7CFC7}.Release|Any CPU.Build.0 = Release|Any CPU
		{8EE2E469-A443-45BB-941B-8B6C88BE7354}.Debug|Any CPU.ActiveCfg = Debug|Any CPU
		{8EE2E469-A443-45BB-941B-8B6C88BE7354}.Debug|Any CPU.Build.0 = Debug|Any CPU
		{8EE2E469-A443-45BB-941B-8B6C88BE7354}.Release|Any CPU.ActiveCfg = Release|Any CPU
		{8EE2E469-A443-45BB-941B-8B6C88BE7354}.Release|Any CPU.Build.0 = Release|Any CPU
		{2B5584F5-5601-4BB1-9582-A767DF4F60D7}.Debug|Any CPU.ActiveCfg = Debug|Any CPU
		{2B5584F5-5601-4BB1-9582-A767DF4F60D7}.Debug|Any CPU.Build.0 = Debug|Any CPU
		{2B5584F5-5601-4BB1-9582-A767DF4F60D7}.Release|Any CPU.ActiveCfg = Release|Any CPU
		{2B5584F5-5601-4BB1-9582-A767DF4F60D7}.Release|Any CPU.Build.0 = Release|Any CPU
		{0EEC3CB8-3DA8-44FA-9F6A-F34BE8A1CC61}.Debug|Any CPU.ActiveCfg = Debug|Any CPU
		{0EEC3CB8-3DA8-44FA-9F6A-F34BE8A1CC61}.Debug|Any CPU.Build.0 = Debug|Any CPU
		{0EEC3CB8-3DA8-44FA-9F6A-F34BE8A1CC61}.Release|Any CPU.ActiveCfg = Release|Any CPU
		{0EEC3CB8-3DA8-44FA-9F6A-F34BE8A1CC61}.Release|Any CPU.Build.0 = Release|Any CPU
	EndGlobalSection
	GlobalSection(SolutionProperties) = preSolution
		HideSolutionNode = FALSE
	EndGlobalSection
	GlobalSection(NestedProjects) = preSolution
		{7AC81F1A-C004-46F9-80D3-1516B27D3BD4} = {6C84A303-12E6-407F-86CB-CABDC541E8E0}
		{F2487A02-A928-495A-AE3D-B9AADAB7CFC7} = {7AC81F1A-C004-46F9-80D3-1516B27D3BD4}
		{2B5584F5-5601-4BB1-9582-A767DF4F60D7} = {2FDE499C-44FA-4CBC-BAE6-3CBE41A240CA}
		{3AC24668-3F7E-4D7F-9A84-02B1C5632701} = {6C84A303-12E6-407F-86CB-CABDC541E8E0}
		{0EEC3CB8-3DA8-44FA-9F6A-F34BE8A1CC61} = {3AC24668-3F7E-4D7F-9A84-02B1C5632701}
	EndGlobalSection
	GlobalSection(ExtensibilityGlobals) = postSolution
		SolutionGuid = {4FC3276F-9712-4479-A7AD-534D4F324CEF}
	EndGlobalSection
EndGlobal
